// !$*UTF8*$!
{
	archiveVersion = 1;
	classes = {
	};
	objectVersion = 50;
	objects = {

/* Begin PBXBuildFile section */
		E4573ACF210849F50051CE8A /* AppDelegate.swift in Sources */ = {isa = PBXBuildFile; fileRef = E4573ACE210849F50051CE8A /* AppDelegate.swift */; };
		E4573AD1210849F50051CE8A /* ViewController.swift in Sources */ = {isa = PBXBuildFile; fileRef = E4573AD0210849F50051CE8A /* ViewController.swift */; };
		E4573AD4210849F50051CE8A /* Main.storyboard in Resources */ = {isa = PBXBuildFile; fileRef = E4573AD2210849F50051CE8A /* Main.storyboard */; };
		E4573AD6210849F60051CE8A /* Assets.xcassets in Resources */ = {isa = PBXBuildFile; fileRef = E4573AD5210849F60051CE8A /* Assets.xcassets */; };
		E4573AD9210849F60051CE8A /* LaunchScreen.storyboard in Resources */ = {isa = PBXBuildFile; fileRef = E4573AD7210849F60051CE8A /* LaunchScreen.storyboard */; };
		E4573B0421084A430051CE8A /* QAlbumImagesMaker.swift in Sources */ = {isa = PBXBuildFile; fileRef = E4573AF921084A430051CE8A /* QAlbumImagesMaker.swift */; };
		E4573B0521084A430051CE8A /* QAlbumAssetCollections.swift in Sources */ = {isa = PBXBuildFile; fileRef = E4573AFA21084A430051CE8A /* QAlbumAssetCollections.swift */; };
		E4573B0621084A430051CE8A /* QAblumAssetsMaker.swift in Sources */ = {isa = PBXBuildFile; fileRef = E4573AFB21084A430051CE8A /* QAblumAssetsMaker.swift */; };
		E4573B0721084A430051CE8A /* QAlbumVideosMaker.swift in Sources */ = {isa = PBXBuildFile; fileRef = E4573AFC21084A430051CE8A /* QAlbumVideosMaker.swift */; };
		E4573B0821084A430051CE8A /* QAlbumSaveImage.swift in Sources */ = {isa = PBXBuildFile; fileRef = E4573AFE21084A430051CE8A /* QAlbumSaveImage.swift */; };
		E4573B0921084A430051CE8A /* QAlbumSaveVideo.swift in Sources */ = {isa = PBXBuildFile; fileRef = E4573AFF21084A430051CE8A /* QAlbumSaveVideo.swift */; };
		E4573B0A21084A430051CE8A /* QAlbumMaker.swift in Sources */ = {isa = PBXBuildFile; fileRef = E4573B0021084A430051CE8A /* QAlbumMaker.swift */; };
		E4573B0B21084A430051CE8A /* QAlbumPermissionRequest .swift in Sources */ = {isa = PBXBuildFile; fileRef = E4573B0221084A430051CE8A /* QAlbumPermissionRequest .swift */; };
		E4573B0C21084A430051CE8A /* QAlbumHelper.swift in Sources */ = {isa = PBXBuildFile; fileRef = E4573B0321084A430051CE8A /* QAlbumHelper.swift */; };
/* End PBXBuildFile section */

/* Begin PBXFileReference section */
		E4573ACB210849F50051CE8A /* QPhotosKit.app */ = {isa = PBXFileReference; explicitFileType = wrapper.application; includeInIndex = 0; path = QPhotosKit.app; sourceTree = BUILT_PRODUCTS_DIR; };
		E4573ACE210849F50051CE8A /* AppDelegate.swift */ = {isa = PBXFileReference; lastKnownFileType = sourcecode.swift; path = AppDelegate.swift; sourceTree = "<group>"; };
		E4573AD0210849F50051CE8A /* ViewController.swift */ = {isa = PBXFileReference; lastKnownFileType = sourcecode.swift; path = ViewController.swift; sourceTree = "<group>"; };
		E4573AD3210849F50051CE8A /* Base */ = {isa = PBXFileReference; lastKnownFileType = file.storyboard; name = Base; path = Base.lproj/Main.storyboard; sourceTree = "<group>"; };
		E4573AD5210849F60051CE8A /* Assets.xcassets */ = {isa = PBXFileReference; lastKnownFileType = folder.assetcatalog; path = Assets.xcassets; sourceTree = "<group>"; };
		E4573AD8210849F60051CE8A /* Base */ = {isa = PBXFileReference; lastKnownFileType = file.storyboard; name = Base; path = Base.lproj/LaunchScreen.storyboard; sourceTree = "<group>"; };
		E4573ADA210849F60051CE8A /* Info.plist */ = {isa = PBXFileReference; lastKnownFileType = text.plist.xml; path = Info.plist; sourceTree = "<group>"; };
		E4573AF921084A430051CE8A /* QAlbumImagesMaker.swift */ = {isa = PBXFileReference; fileEncoding = 4; lastKnownFileType = sourcecode.swift; path = QAlbumImagesMaker.swift; sourceTree = "<group>"; };
		E4573AFA21084A430051CE8A /* QAlbumAssetCollections.swift */ = {isa = PBXFileReference; fileEncoding = 4; lastKnownFileType = sourcecode.swift; path = QAlbumAssetCollections.swift; sourceTree = "<group>"; };
		E4573AFB21084A430051CE8A /* QAblumAssetsMaker.swift */ = {isa = PBXFileReference; fileEncoding = 4; lastKnownFileType = sourcecode.swift; path = QAblumAssetsMaker.swift; sourceTree = "<group>"; };
		E4573AFC21084A430051CE8A /* QAlbumVideosMaker.swift */ = {isa = PBXFileReference; fileEncoding = 4; lastKnownFileType = sourcecode.swift; path = QAlbumVideosMaker.swift; sourceTree = "<group>"; };
		E4573AFE21084A430051CE8A /* QAlbumSaveImage.swift */ = {isa = PBXFileReference; fileEncoding = 4; lastKnownFileType = sourcecode.swift; path = QAlbumSaveImage.swift; sourceTree = "<group>"; };
		E4573AFF21084A430051CE8A /* QAlbumSaveVideo.swift */ = {isa = PBXFileReference; fileEncoding = 4; lastKnownFileType = sourcecode.swift; path = QAlbumSaveVideo.swift; sourceTree = "<group>"; };
		E4573B0021084A430051CE8A /* QAlbumMaker.swift */ = {isa = PBXFileReference; fileEncoding = 4; lastKnownFileType = sourcecode.swift; path = QAlbumMaker.swift; sourceTree = "<group>"; };
		E4573B0221084A430051CE8A /* QAlbumPermissionRequest .swift */ = {isa = PBXFileReference; fileEncoding = 4; lastKnownFileType = sourcecode.swift; path = "QAlbumPermissionRequest .swift"; sourceTree = "<group>"; };
		E4573B0321084A430051CE8A /* QAlbumHelper.swift */ = {isa = PBXFileReference; fileEncoding = 4; lastKnownFileType = sourcecode.swift; path = QAlbumHelper.swift; sourceTree = "<group>"; };
/* End PBXFileReference section */

/* Begin PBXFrameworksBuildPhase section */
		E4573AC8210849F50051CE8A /* Frameworks */ = {
			isa = PBXFrameworksBuildPhase;
			buildActionMask = 2147483647;
			files = (
			);
			runOnlyForDeploymentPostprocessing = 0;
		};
/* End PBXFrameworksBuildPhase section */

/* Begin PBXGroup section */
		E4573AC2210849F50051CE8A = {
			isa = PBXGroup;
			children = (
				E4573ACD210849F50051CE8A /* QPhotosKit */,
				E4573ACC210849F50051CE8A /* Products */,
			);
			sourceTree = "<group>";
		};
		E4573ACC210849F50051CE8A /* Products */ = {
			isa = PBXGroup;
			children = (
				E4573ACB210849F50051CE8A /* QPhotosKit.app */,
			);
			name = Products;
			sourceTree = "<group>";
		};
		E4573ACD210849F50051CE8A /* QPhotosKit */ = {
			isa = PBXGroup;
			children = (
				E4573AF721084A430051CE8A /* Classes */,
				E4573ACE210849F50051CE8A /* AppDelegate.swift */,
				E4573AD0210849F50051CE8A /* ViewController.swift */,
				E4573AD2210849F50051CE8A /* Main.storyboard */,
				E4573AD5210849F60051CE8A /* Assets.xcassets */,
				E4573AD7210849F60051CE8A /* LaunchScreen.storyboard */,
				E4573ADA210849F60051CE8A /* Info.plist */,
			);
			path = QPhotosKit;
			sourceTree = "<group>";
		};
		E4573AF721084A430051CE8A /* Classes */ = {
			isa = PBXGroup;
			children = (
				E4573AF821084A430051CE8A /* GetAssets */,
				E4573AFD21084A430051CE8A /* SetAssets */,
				E4573B0121084A430051CE8A /* QHealper */,
			);
			path = Classes;
			sourceTree = "<group>";
		};
		E4573AF821084A430051CE8A /* GetAssets */ = {
			isa = PBXGroup;
			children = (
				E4573AF921084A430051CE8A /* QAlbumImagesMaker.swift */,
				E4573AFA21084A430051CE8A /* QAlbumAssetCollections.swift */,
				E4573AFB21084A430051CE8A /* QAblumAssetsMaker.swift */,
				E4573AFC21084A430051CE8A /* QAlbumVideosMaker.swift */,
			);
			path = GetAssets;
			sourceTree = "<group>";
		};
		E4573AFD21084A430051CE8A /* SetAssets */ = {
			isa = PBXGroup;
			children = (
				E4573AFE21084A430051CE8A /* QAlbumSaveImage.swift */,
				E4573AFF21084A430051CE8A /* QAlbumSaveVideo.swift */,
				E4573B0021084A430051CE8A /* QAlbumMaker.swift */,
			);
			path = SetAssets;
			sourceTree = "<group>";
		};
		E4573B0121084A430051CE8A /* QHealper */ = {
			isa = PBXGroup;
			children = (
				E4573B0221084A430051CE8A /* QAlbumPermissionRequest .swift */,
				E4573B0321084A430051CE8A /* QAlbumHelper.swift */,
			);
			path = QHealper;
			sourceTree = "<group>";
		};
/* End PBXGroup section */

/* Begin PBXNativeTarget section */
		E4573ACA210849F50051CE8A /* QPhotosKit */ = {
			isa = PBXNativeTarget;
			buildConfigurationList = E4573ADD210849F60051CE8A /* Build configuration list for PBXNativeTarget "QPhotosKit" */;
			buildPhases = (
				E4573AC7210849F50051CE8A /* Sources */,
				E4573AC8210849F50051CE8A /* Frameworks */,
				E4573AC9210849F50051CE8A /* Resources */,
			);
			buildRules = (
			);
			dependencies = (
			);
			name = QPhotosKit;
			productName = QPhotosKit;
			productReference = E4573ACB210849F50051CE8A /* QPhotosKit.app */;
			productType = "com.apple.product-type.application";
		};
/* End PBXNativeTarget section */

/* Begin PBXProject section */
		E4573AC3210849F50051CE8A /* Project object */ = {
			isa = PBXProject;
			attributes = {
				LastSwiftUpdateCheck = 0940;
				LastUpgradeCheck = 0940;
				ORGANIZATIONNAME = Quinn;
				TargetAttributes = {
					E4573ACA210849F50051CE8A = {
						CreatedOnToolsVersion = 9.4.1;
					};
				};
			};
			buildConfigurationList = E4573AC6210849F50051CE8A /* Build configuration list for PBXProject "QPhotosKit" */;
			compatibilityVersion = "Xcode 9.3";
			developmentRegion = en;
			hasScannedForEncodings = 0;
			knownRegions = (
				en,
				Base,
			);
			mainGroup = E4573AC2210849F50051CE8A;
			productRefGroup = E4573ACC210849F50051CE8A /* Products */;
			projectDirPath = "";
			projectRoot = "";
			targets = (
				E4573ACA210849F50051CE8A /* QPhotosKit */,
			);
		};
/* End PBXProject section */

/* Begin PBXResourcesBuildPhase section */
		E4573AC9210849F50051CE8A /* Resources */ = {
			isa = PBXResourcesBuildPhase;
			buildActionMask = 2147483647;
			files = (
				E4573AD9210849F60051CE8A /* LaunchScreen.storyboard in Resources */,
				E4573AD6210849F60051CE8A /* Assets.xcassets in Resources */,
				E4573AD4210849F50051CE8A /* Main.storyboard in Resources */,
			);
			runOnlyForDeploymentPostprocessing = 0;
		};
/* End PBXResourcesBuildPhase section */

/* Begin PBXSourcesBuildPhase section */
		E4573AC7210849F50051CE8A /* Sources */ = {
			isa = PBXSourcesBuildPhase;
			buildActionMask = 2147483647;
			files = (
				E4573B0921084A430051CE8A /* QAlbumSaveVideo.swift in Sources */,
				E4573B0721084A430051CE8A /* QAlbumVideosMaker.swift in Sources */,
				E4573B0521084A430051CE8A /* QAlbumAssetCollections.swift in Sources */,
				E4573AD1210849F50051CE8A /* ViewController.swift in Sources */,
				E4573ACF210849F50051CE8A /* AppDelegate.swift in Sources */,
				E4573B0C21084A430051CE8A /* QAlbumHelper.swift in Sources */,
				E4573B0B21084A430051CE8A /* QAlbumPermissionRequest .swift in Sources */,
				E4573B0421084A430051CE8A /* QAlbumImagesMaker.swift in Sources */,
				E4573B0A21084A430051CE8A /* QAlbumMaker.swift in Sources */,
				E4573B0821084A430051CE8A /* QAlbumSaveImage.swift in Sources */,
				E4573B0621084A430051CE8A /* QAblumAssetsMaker.swift in Sources */,
			);
			runOnlyForDeploymentPostprocessing = 0;
		};
/* End PBXSourcesBuildPhase section */

/* Begin PBXVariantGroup section */
		E4573AD2210849F50051CE8A /* Main.storyboard */ = {
			isa = PBXVariantGroup;
			children = (
				E4573AD3210849F50051CE8A /* Base */,
			);
			name = Main.storyboard;
			sourceTree = "<group>";
		};
		E4573AD7210849F60051CE8A /* LaunchScreen.storyboard */ = {
			isa = PBXVariantGroup;
			children = (
				E4573AD8210849F60051CE8A /* Base */,
			);
			name = LaunchScreen.storyboard;
			sourceTree = "<group>";
		};
/* End PBXVariantGroup section */

/* Begin XCBuildConfiguration section */
		E4573ADB210849F60051CE8A /* Debug */ = {
			isa = XCBuildConfiguration;
			buildSettings = {
				ALWAYS_SEARCH_USER_PATHS = NO;
				CLANG_ANALYZER_NONNULL = YES;
				CLANG_ANALYZER_NUMBER_OBJECT_CONVERSION = YES_AGGRESSIVE;
				CLANG_CXX_LANGUAGE_STANDARD = "gnu++14";
				CLANG_CXX_LIBRARY = "libc++";
				CLANG_ENABLE_MODULES = YES;
				CLANG_ENABLE_OBJC_ARC = YES;
				CLANG_ENABLE_OBJC_WEAK = YES;
				CLANG_WARN_BLOCK_CAPTURE_AUTORELEASING = YES;
				CLANG_WARN_BOOL_CONVERSION = YES;
				CLANG_WARN_COMMA = YES;
				CLANG_WARN_CONSTANT_CONVERSION = YES;
				CLANG_WARN_DEPRECATED_OBJC_IMPLEMENTATIONS = YES;
				CLANG_WARN_DIRECT_OBJC_ISA_USAGE = YES_ERROR;
				CLANG_WARN_DOCUMENTATION_COMMENTS = YES;
				CLANG_WARN_EMPTY_BODY = YES;
				CLANG_WARN_ENUM_CONVERSION = YES;
				CLANG_WARN_INFINITE_RECURSION = YES;
				CLANG_WARN_INT_CONVERSION = YES;
				CLANG_WARN_NON_LITERAL_NULL_CONVERSION = YES;
				CLANG_WARN_OBJC_IMPLICIT_RETAIN_SELF = YES;
				CLANG_WARN_OBJC_LITERAL_CONVERSION = YES;
				CLANG_WARN_OBJC_ROOT_CLASS = YES_ERROR;
				CLANG_WARN_RANGE_LOOP_ANALYSIS = YES;
				CLANG_WARN_STRICT_PROTOTYPES = YES;
				CLANG_WARN_SUSPICIOUS_MOVE = YES;
				CLANG_WARN_UNGUARDED_AVAILABILITY = YES_AGGRESSIVE;
				CLANG_WARN_UNREACHABLE_CODE = YES;
				CLANG_WARN__DUPLICATE_METHOD_MATCH = YES;
				CODE_SIGN_IDENTITY = "iPhone Developer";
				COPY_PHASE_STRIP = NO;
				DEBUG_INFORMATION_FORMAT = dwarf;
				ENABLE_STRICT_OBJC_MSGSEND = YES;
				ENABLE_TESTABILITY = YES;
				GCC_C_LANGUAGE_STANDARD = gnu11;
				GCC_DYNAMIC_NO_PIC = NO;
				GCC_NO_COMMON_BLOCKS = YES;
				GCC_OPTIMIZATION_LEVEL = 0;
				GCC_PREPROCESSOR_DEFINITIONS = (
					"DEBUG=1",
					"$(inherited)",
				);
				GCC_WARN_64_TO_32_BIT_CONVERSION = YES;
				GCC_WARN_ABOUT_RETURN_TYPE = YES_ERROR;
				GCC_WARN_UNDECLARED_SELECTOR = YES;
				GCC_WARN_UNINITIALIZED_AUTOS = YES_AGGRESSIVE;
				GCC_WARN_UNUSED_FUNCTION = YES;
				GCC_WARN_UNUSED_VARIABLE = YES;
				IPHONEOS_DEPLOYMENT_TARGET = 11.4;
				MTL_ENABLE_DEBUG_INFO = YES;
				ONLY_ACTIVE_ARCH = YES;
				SDKROOT = iphoneos;
				SWIFT_ACTIVE_COMPILATION_CONDITIONS = DEBUG;
				SWIFT_OPTIMIZATION_LEVEL = "-Onone";
			};
			name = Debug;
		};
		E4573ADC210849F60051CE8A /* Release */ = {
			isa = XCBuildConfiguration;
			buildSettings = {
				ALWAYS_SEARCH_USER_PATHS = NO;
				CLANG_ANALYZER_NONNULL = YES;
				CLANG_ANALYZER_NUMBER_OBJECT_CONVERSION = YES_AGGRESSIVE;
				CLANG_CXX_LANGUAGE_STANDARD = "gnu++14";
				CLANG_CXX_LIBRARY = "libc++";
				CLANG_ENABLE_MODULES = YES;
				CLANG_ENABLE_OBJC_ARC = YES;
				CLANG_ENABLE_OBJC_WEAK = YES;
				CLANG_WARN_BLOCK_CAPTURE_AUTORELEASING = YES;
				CLANG_WARN_BOOL_CONVERSION = YES;
				CLANG_WARN_COMMA = YES;
				CLANG_WARN_CONSTANT_CONVERSION = YES;
				CLANG_WARN_DEPRECATED_OBJC_IMPLEMENTATIONS = YES;
				CLANG_WARN_DIRECT_OBJC_ISA_USAGE = YES_ERROR;
				CLANG_WARN_DOCUMENTATION_COMMENTS = YES;
				CLANG_WARN_EMPTY_BODY = YES;
				CLANG_WARN_ENUM_CONVERSION = YES;
				CLANG_WARN_INFINITE_RECURSION = YES;
				CLANG_WARN_INT_CONVERSION = YES;
				CLANG_WARN_NON_LITERAL_NULL_CONVERSION = YES;
				CLANG_WARN_OBJC_IMPLICIT_RETAIN_SELF = YES;
				CLANG_WARN_OBJC_LITERAL_CONVERSION = YES;
				CLANG_WARN_OBJC_ROOT_CLASS = YES_ERROR;
				CLANG_WARN_RANGE_LOOP_ANALYSIS = YES;
				CLANG_WARN_STRICT_PROTOTYPES = YES;
				CLANG_WARN_SUSPICIOUS_MOVE = YES;
				CLANG_WARN_UNGUARDED_AVAILABILITY = YES_AGGRESSIVE;
				CLANG_WARN_UNREACHABLE_CODE = YES;
				CLANG_WARN__DUPLICATE_METHOD_MATCH = YES;
				CODE_SIGN_IDENTITY = "iPhone Developer";
				COPY_PHASE_STRIP = NO;
				DEBUG_INFORMATION_FORMAT = "dwarf-with-dsym";
				ENABLE_NS_ASSERTIONS = NO;
				ENABLE_STRICT_OBJC_MSGSEND = YES;
				GCC_C_LANGUAGE_STANDARD = gnu11;
				GCC_NO_COMMON_BLOCKS = YES;
				GCC_WARN_64_TO_32_BIT_CONVERSION = YES;
				GCC_WARN_ABOUT_RETURN_TYPE = YES_ERROR;
				GCC_WARN_UNDECLARED_SELECTOR = YES;
				GCC_WARN_UNINITIALIZED_AUTOS = YES_AGGRESSIVE;
				GCC_WARN_UNUSED_FUNCTION = YES;
				GCC_WARN_UNUSED_VARIABLE = YES;
				IPHONEOS_DEPLOYMENT_TARGET = 11.4;
				MTL_ENABLE_DEBUG_INFO = NO;
				SDKROOT = iphoneos;
				SWIFT_COMPILATION_MODE = wholemodule;
				SWIFT_OPTIMIZATION_LEVEL = "-O";
				VALIDATE_PRODUCT = YES;
			};
			name = Release;
		};
		E4573ADE210849F60051CE8A /* Debug */ = {
			isa = XCBuildConfiguration;
			buildSettings = {
				ASSETCATALOG_COMPILER_APPICON_NAME = AppIcon;
				CODE_SIGN_STYLE = Automatic;
				DEVELOPMENT_TEAM = V95KM6E24P;
				INFOPLIST_FILE = QPhotosKit/Info.plist;
				LD_RUNPATH_SEARCH_PATHS = (
					"$(inherited)",
					"@executable_path/Frameworks",
				);
				PRODUCT_BUNDLE_IDENTIFIER = com.quinn.ios.QPhotosKit;
				PRODUCT_NAME = "$(TARGET_NAME)";
				SWIFT_VERSION = 4.0;
				TARGETED_DEVICE_FAMILY = "1,2";
			};
			name = Debug;
		};
		E4573ADF210849F60051CE8A /* Release */ = {
			isa = XCBuildConfiguration;
			buildSettings = {
				ASSETCATALOG_COMPILER_APPICON_NAME = AppIcon;
				CODE_SIGN_STYLE = Automatic;
				DEVELOPMENT_TEAM = V95KM6E24P;
				INFOPLIST_FILE = QPhotosKit/Info.plist;
				LD_RUNPATH_SEARCH_PATHS = (
					"$(inherited)",
					"@executable_path/Frameworks",
				);
				PRODUCT_BUNDLE_IDENTIFIER = com.quinn.ios.QPhotosKit;
				PRODUCT_NAME = "$(TARGET_NAME)";
				SWIFT_VERSION = 4.0;
				TARGETED_DEVICE_FAMILY = "1,2";
			};
			name = Release;
		};
/* End XCBuildConfiguration section */

/* Begin XCConfigurationList section */
		E4573AC6210849F50051CE8A /* Build configuration list for PBXProject "QPhotosKit" */ = {
			isa = XCConfigurationList;
			buildConfigurations = (
				E4573ADB210849F60051CE8A /* Debug */,
				E4573ADC210849F60051CE8A /* Release */,
			);
			defaultConfigurationIsVisible = 0;
			defaultConfigurationName = Release;
		};
		E4573ADD210849F60051CE8A /* Build configuration list for PBXNativeTarget "QPhotosKit" */ = {
			isa = XCConfigurationList;
			buildConfigurations = (
				E4573ADE210849F60051CE8A /* Debug */,
				E4573ADF210849F60051CE8A /* Release */,
			);
			defaultConfigurationIsVisible = 0;
			defaultConfigurationName = Release;
		};
/* End XCConfigurationList section */
	};
	rootObject = E4573AC3210849F50051CE8A /* Project object */;
}
